
Microsoft Visual Studio Solution File, Format Version 12.00
Project("{FAE04EC0-301F-11D3-BF4B-00C04F79EFBC}") = "TaskApi", "Services\TaskApi\TaskApi.csproj", "{74D29378-78BD-4EEA-BE2D-FEEF50C869D4}"
EndProject
Project("{FAE04EC0-301F-11D3-BF4B-00C04F79EFBC}") = "CompanyApi", "Services\CompanyApi\CompanyApi.csproj", "{0CDD6738-62DA-4C01-B9D8-C0FF60578767}"
EndProject
Project("{FAE04EC0-301F-11D3-BF4B-00C04F79EFBC}") = "ApiGateway", "Services\ApiGateway\ApiGateway.csproj", "{DD692326-9F94-40C6-9547-1A9CBF070AC5}"
EndProject
Project("{FAE04EC0-301F-11D3-BF4B-00C04F79EFBC}") = "AuthApi", "Services\AuthApi\AuthApi.csproj", "{B633BF71-DDE6-4522-9FB3-417675E7307E}"
EndProject
Project("{FAE04EC0-301F-11D3-BF4B-00C04F79EFBC}") = "Auth", "Services\Auth\Auth.csproj", "{821B357C-F476-4DF6-8BD3-CF78451C3672}"
EndProject
Project("{FAE04EC0-301F-11D3-BF4B-00C04F79EFBC}") = "PermissionLib", "Libraries\PermissionLib\PermissionLib.csproj", "{C8D8A1FE-C7AC-4548-AF20-81B3687C50E6}"
EndProject
Project("{FAE04EC0-301F-11D3-BF4B-00C04F79EFBC}") = "ApiAuthLib", "Libraries\ApiAuthLib\ApiAuthLib.csproj", "{5249B0F2-87E8-4F0C-BEA0-459B91A7B7BC}"
EndProject
Global
	GlobalSection(SolutionConfigurationPlatforms) = preSolution
		Debug|Any CPU = Debug|Any CPU
		Release|Any CPU = Release|Any CPU
	EndGlobalSection
	GlobalSection(ProjectConfigurationPlatforms) = postSolution
		{74D29378-78BD-4EEA-BE2D-FEEF50C869D4}.Debug|Any CPU.ActiveCfg = Debug|Any CPU
		{74D29378-78BD-4EEA-BE2D-FEEF50C869D4}.Debug|Any CPU.Build.0 = Debug|Any CPU
		{74D29378-78BD-4EEA-BE2D-FEEF50C869D4}.Release|Any CPU.ActiveCfg = Release|Any CPU
		{74D29378-78BD-4EEA-BE2D-FEEF50C869D4}.Release|Any CPU.Build.0 = Release|Any CPU
		{0CDD6738-62DA-4C01-B9D8-C0FF60578767}.Debug|Any CPU.ActiveCfg = Debug|Any CPU
		{0CDD6738-62DA-4C01-B9D8-C0FF60578767}.Debug|Any CPU.Build.0 = Debug|Any CPU
		{0CDD6738-62DA-4C01-B9D8-C0FF60578767}.Release|Any CPU.ActiveCfg = Release|Any CPU
		{0CDD6738-62DA-4C01-B9D8-C0FF60578767}.Release|Any CPU.Build.0 = Release|Any CPU
		{DD692326-9F94-40C6-9547-1A9CBF070AC5}.Debug|Any CPU.ActiveCfg = Debug|Any CPU
		{DD692326-9F94-40C6-9547-1A9CBF070AC5}.Debug|Any CPU.Build.0 = Debug|Any CPU
		{DD692326-9F94-40C6-9547-1A9CBF070AC5}.Release|Any CPU.ActiveCfg = Release|Any CPU
		{DD692326-9F94-40C6-9547-1A9CBF070AC5}.Release|Any CPU.Build.0 = Release|Any CPU
		{B633BF71-DDE6-4522-9FB3-417675E7307E}.Debug|Any CPU.ActiveCfg = Debug|Any CPU
		{B633BF71-DDE6-4522-9FB3-417675E7307E}.Debug|Any CPU.Build.0 = Debug|Any CPU
		{B633BF71-DDE6-4522-9FB3-417675E7307E}.Release|Any CPU.ActiveCfg = Release|Any CPU
		{B633BF71-DDE6-4522-9FB3-417675E7307E}.Release|Any CPU.Build.0 = Release|Any CPU
		{821B357C-F476-4DF6-8BD3-CF78451C3672}.Debug|Any CPU.ActiveCfg = Debug|Any CPU
		{821B357C-F476-4DF6-8BD3-CF78451C3672}.Debug|Any CPU.Build.0 = Debug|Any CPU
		{821B357C-F476-4DF6-8BD3-CF78451C3672}.Release|Any CPU.ActiveCfg = Release|Any CPU
		{821B357C-F476-4DF6-8BD3-CF78451C3672}.Release|Any CPU.Build.0 = Release|Any CPU
		{C8D8A1FE-C7AC-4548-AF20-81B3687C50E6}.Debug|Any CPU.ActiveCfg = Debug|Any CPU
		{C8D8A1FE-C7AC-4548-AF20-81B3687C50E6}.Debug|Any CPU.Build.0 = Debug|Any CPU
		{C8D8A1FE-C7AC-4548-AF20-81B3687C50E6}.Release|Any CPU.ActiveCfg = Release|Any CPU
		{C8D8A1FE-C7AC-4548-AF20-81B3687C50E6}.Release|Any CPU.Build.0 = Release|Any CPU
		{5249B0F2-87E8-4F0C-BEA0-459B91A7B7BC}.Debug|Any CPU.ActiveCfg = Debug|Any CPU
		{5249B0F2-87E8-4F0C-BEA0-459B91A7B7BC}.Debug|Any CPU.Build.0 = Debug|Any CPU
		{5249B0F2-87E8-4F0C-BEA0-459B91A7B7BC}.Release|Any CPU.ActiveCfg = Release|Any CPU
		{5249B0F2-87E8-4F0C-BEA0-459B91A7B7BC}.Release|Any CPU.Build.0 = Release|Any CPU
	EndGlobalSection
EndGlobal
